
Microsoft Visual Studio Solution File, Format Version 12.00
# Visual Studio Version 17
VisualStudioVersion = 17.3.32929.385
MinimumVisualStudioVersion = 10.0.40219.1
Project("{9A19103F-16F7-4668-BE54-9A1E7A4F7556}") = "OSAHN6_HFT_202231.Client", "OSAHN6_HFT_202231\OSAHN6_HFT_202231.Client.csproj", "{C3329D04-AD78-4137-BF7E-E305AB9005D7}"
EndProject
Project("{9A19103F-16F7-4668-BE54-9A1E7A4F7556}") = "OSAHN6_HFT_202231.Models", "OSAHN6_HFT_202231.Models\OSAHN6_HFT_202231.Models.csproj", "{E6BD2077-50A4-4185-B445-664982DFE2FE}"
EndProject
Project("{9A19103F-16F7-4668-BE54-9A1E7A4F7556}") = "OSAHN6_HFT_202231.Logic", "OSAHN6_HFT_202231.Logic\OSAHN6_HFT_202231.Logic.csproj", "{DE6A22A6-7132-49FD-BBE1-7CCFE46E1FC6}"
EndProject
Project("{9A19103F-16F7-4668-BE54-9A1E7A4F7556}") = "OSAHN6_HFT_202231.Repository", "OSAHN6_HFT_202231.Repository\OSAHN6_HFT_202231.Repository.csproj", "{CFE39847-EF15-4E4F-AB11-22598C6F2A9D}"
EndProject
Project("{9A19103F-16F7-4668-BE54-9A1E7A4F7556}") = "OSAHN6_HFT_202231.Endpoint", "OSAHN6_HFT_202231.Endpoint\OSAHN6_HFT_202231.Endpoint.csproj", "{9758D521-A71E-4636-A66A-D6CF6B763F00}"
EndProject
Project("{2150E333-8FDC-42A3-9474-1A3956D46DE8}") = "Backend", "Backend", "{19124064-3D70-41B0-B735-AEED977957E1}"
EndProject
Project("{2150E333-8FDC-42A3-9474-1A3956D46DE8}") = "Frontend", "Frontend", "{B0FD536D-A2AE-4A5A-BA0D-33681F9FFB26}"
EndProject
Project("{2150E333-8FDC-42A3-9474-1A3956D46DE8}") = "Shared", "Shared", "{70ACE5C3-42C5-49B4-8580-472FBB7C7425}"
EndProject
Project("{FAE04EC0-301F-11D3-BF4B-00C04F79EFBC}") = "OSAHN6_HFT_202231.Test", "OSAHN6_HFT_202231.Test\OSAHN6_HFT_202231.Test.csproj", "{D48F0765-20F9-4380-A38D-C5D3B22FCF9B}"
EndProject
Global
	GlobalSection(SolutionConfigurationPlatforms) = preSolution
		Debug|Any CPU = Debug|Any CPU
		Release|Any CPU = Release|Any CPU
	EndGlobalSection
	GlobalSection(ProjectConfigurationPlatforms) = postSolution
		{C3329D04-AD78-4137-BF7E-E305AB9005D7}.Debug|Any CPU.ActiveCfg = Debug|Any CPU
		{C3329D04-AD78-4137-BF7E-E305AB9005D7}.Debug|Any CPU.Build.0 = Debug|Any CPU
		{C3329D04-AD78-4137-BF7E-E305AB9005D7}.Release|Any CPU.ActiveCfg = Release|Any CPU
		{C3329D04-AD78-4137-BF7E-E305AB9005D7}.Release|Any CPU.Build.0 = Release|Any CPU
		{E6BD2077-50A4-4185-B445-664982DFE2FE}.Debug|Any CPU.ActiveCfg = Debug|Any CPU
		{E6BD2077-50A4-4185-B445-664982DFE2FE}.Debug|Any CPU.Build.0 = Debug|Any CPU
		{E6BD2077-50A4-4185-B445-664982DFE2FE}.Release|Any CPU.ActiveCfg = Release|Any CPU
		{E6BD2077-50A4-4185-B445-664982DFE2FE}.Release|Any CPU.Build.0 = Release|Any CPU
		{DE6A22A6-7132-49FD-BBE1-7CCFE46E1FC6}.Debug|Any CPU.ActiveCfg = Debug|Any CPU
		{DE6A22A6-7132-49FD-BBE1-7CCFE46E1FC6}.Debug|Any CPU.Build.0 = Debug|Any CPU
		{DE6A22A6-7132-49FD-BBE1-7CCFE46E1FC6}.Release|Any CPU.ActiveCfg = Release|Any CPU
		{DE6A22A6-7132-49FD-BBE1-7CCFE46E1FC6}.Release|Any CPU.Build.0 = Release|Any CPU
		{CFE39847-EF15-4E4F-AB11-22598C6F2A9D}.Debug|Any CPU.ActiveCfg = Debug|Any CPU
		{CFE39847-EF15-4E4F-AB11-22598C6F2A9D}.Debug|Any CPU.Build.0 = Debug|Any CPU
		{CFE39847-EF15-4E4F-AB11-22598C6F2A9D}.Release|Any CPU.ActiveCfg = Release|Any CPU
		{CFE39847-EF15-4E4F-AB11-22598C6F2A9D}.Release|Any CPU.Build.0 = Release|Any CPU
		{9758D521-A71E-4636-A66A-D6CF6B763F00}.Debug|Any CPU.ActiveCfg = Debug|Any CPU
		{9758D521-A71E-4636-A66A-D6CF6B763F00}.Debug|Any CPU.Build.0 = Debug|Any CPU
		{9758D521-A71E-4636-A66A-D6CF6B763F00}.Release|Any CPU.ActiveCfg = Release|Any CPU
		{9758D521-A71E-4636-A66A-D6CF6B763F00}.Release|Any CPU.Build.0 = Release|Any CPU
		{D48F0765-20F9-4380-A38D-C5D3B22FCF9B}.Debug|Any CPU.ActiveCfg = Debug|Any CPU
		{D48F0765-20F9-4380-A38D-C5D3B22FCF9B}.Debug|Any CPU.Build.0 = Debug|Any CPU
		{D48F0765-20F9-4380-A38D-C5D3B22FCF9B}.Release|Any CPU.ActiveCfg = Release|Any CPU
		{D48F0765-20F9-4380-A38D-C5D3B22FCF9B}.Release|Any CPU.Build.0 = Release|Any CPU
	EndGlobalSection
	GlobalSection(SolutionProperties) = preSolution
		HideSolutionNode = FALSE
	EndGlobalSection
	GlobalSection(NestedProjects) = preSolution
		{C3329D04-AD78-4137-BF7E-E305AB9005D7} = {B0FD536D-A2AE-4A5A-BA0D-33681F9FFB26}
		{E6BD2077-50A4-4185-B445-664982DFE2FE} = {70ACE5C3-42C5-49B4-8580-472FBB7C7425}
		{DE6A22A6-7132-49FD-BBE1-7CCFE46E1FC6} = {19124064-3D70-41B0-B735-AEED977957E1}
		{CFE39847-EF15-4E4F-AB11-22598C6F2A9D} = {19124064-3D70-41B0-B735-AEED977957E1}
		{9758D521-A71E-4636-A66A-D6CF6B763F00} = {19124064-3D70-41B0-B735-AEED977957E1}
		{D48F0765-20F9-4380-A38D-C5D3B22FCF9B} = {19124064-3D70-41B0-B735-AEED977957E1}
	EndGlobalSection
	GlobalSection(ExtensibilityGlobals) = postSolution
		SolutionGuid = {23F94D23-62CE-4F4C-B981-D8670FF4A550}
	EndGlobalSection
EndGlobal
